
Microsoft Visual Studio Solution File, Format Version 12.00
# Visual Studio Version 17
VisualStudioVersion = 17.0.32126.317
MinimumVisualStudioVersion = 10.0.40219.1
Project("{9A19103F-16F7-4668-BE54-9A1E7A4F7556}") = "MotoBest.Data", "MotoBest.Data\MotoBest.Data.csproj", "{0A02092D-53BE-48AF-B7AE-35E74077D19E}"
EndProject
Project("{9A19103F-16F7-4668-BE54-9A1E7A4F7556}") = "MotoBest.Services", "MotoBest.Services\MotoBest.Services.csproj", "{FC74E31B-BD93-4505-B277-26028C98A7EA}"
EndProject
Project("{9A19103F-16F7-4668-BE54-9A1E7A4F7556}") = "MotoBest.WebApi", "MotoBest.WebApi\MotoBest.WebApi.csproj", "{2CCEB7AF-7205-403E-A131-3CE882856BFD}"
EndProject
Project("{9A19103F-16F7-4668-BE54-9A1E7A4F7556}") = "MotoBest.Tests", "MotoBest.Tests\MotoBest.Tests.csproj", "{1E12B19E-C96F-4A84-A7A3-6430B5074B28}"
EndProject
Project("{9A19103F-16F7-4668-BE54-9A1E7A4F7556}") = "MotoBest.Common", "MotoBest.Common\MotoBest.Common.csproj", "{38D97998-98AD-4C06-92FA-99286D15557E}"
EndProject
Project("{FAE04EC0-301F-11D3-BF4B-00C04F79EFBC}") = "Sandbox", "Sandbox\Sandbox.csproj", "{801B128F-C081-44A2-9630-81138E7E9A78}"
EndProject
Global
	GlobalSection(SolutionConfigurationPlatforms) = preSolution
		Debug|Any CPU = Debug|Any CPU
		Release|Any CPU = Release|Any CPU
	EndGlobalSection
	GlobalSection(ProjectConfigurationPlatforms) = postSolution
		{0A02092D-53BE-48AF-B7AE-35E74077D19E}.Debug|Any CPU.ActiveCfg = Debug|Any CPU
		{0A02092D-53BE-48AF-B7AE-35E74077D19E}.Debug|Any CPU.Build.0 = Debug|Any CPU
		{0A02092D-53BE-48AF-B7AE-35E74077D19E}.Release|Any CPU.ActiveCfg = Release|Any CPU
		{0A02092D-53BE-48AF-B7AE-35E74077D19E}.Release|Any CPU.Build.0 = Release|Any CPU
		{FC74E31B-BD93-4505-B277-26028C98A7EA}.Debug|Any CPU.ActiveCfg = Debug|Any CPU
		{FC74E31B-BD93-4505-B277-26028C98A7EA}.Debug|Any CPU.Build.0 = Debug|Any CPU
		{FC74E31B-BD93-4505-B277-26028C98A7EA}.Release|Any CPU.ActiveCfg = Release|Any CPU
		{FC74E31B-BD93-4505-B277-26028C98A7EA}.Release|Any CPU.Build.0 = Release|Any CPU
		{2CCEB7AF-7205-403E-A131-3CE882856BFD}.Debug|Any CPU.ActiveCfg = Debug|Any CPU
		{2CCEB7AF-7205-403E-A131-3CE882856BFD}.Debug|Any CPU.Build.0 = Debug|Any CPU
		{2CCEB7AF-7205-403E-A131-3CE882856BFD}.Release|Any CPU.ActiveCfg = Release|Any CPU
		{2CCEB7AF-7205-403E-A131-3CE882856BFD}.Release|Any CPU.Build.0 = Release|Any CPU
		{1E12B19E-C96F-4A84-A7A3-6430B5074B28}.Debug|Any CPU.ActiveCfg = Debug|Any CPU
		{1E12B19E-C96F-4A84-A7A3-6430B5074B28}.Debug|Any CPU.Build.0 = Debug|Any CPU
		{1E12B19E-C96F-4A84-A7A3-6430B5074B28}.Release|Any CPU.ActiveCfg = Release|Any CPU
		{1E12B19E-C96F-4A84-A7A3-6430B5074B28}.Release|Any CPU.Build.0 = Release|Any CPU
		{38D97998-98AD-4C06-92FA-99286D15557E}.Debug|Any CPU.ActiveCfg = Debug|Any CPU
		{38D97998-98AD-4C06-92FA-99286D15557E}.Debug|Any CPU.Build.0 = Debug|Any CPU
		{38D97998-98AD-4C06-92FA-99286D15557E}.Release|Any CPU.ActiveCfg = Release|Any CPU
		{38D97998-98AD-4C06-92FA-99286D15557E}.Release|Any CPU.Build.0 = Release|Any CPU
		{801B128F-C081-44A2-9630-81138E7E9A78}.Debug|Any CPU.ActiveCfg = Debug|Any CPU
		{801B128F-C081-44A2-9630-81138E7E9A78}.Debug|Any CPU.Build.0 = Debug|Any CPU
		{801B128F-C081-44A2-9630-81138E7E9A78}.Release|Any CPU.ActiveCfg = Release|Any CPU
		{801B128F-C081-44A2-9630-81138E7E9A78}.Release|Any CPU.Build.0 = Release|Any CPU
	EndGlobalSection
	GlobalSection(SolutionProperties) = preSolution
		HideSolutionNode = FALSE
	EndGlobalSection
	GlobalSection(ExtensibilityGlobals) = postSolution
		SolutionGuid = {20DD11F9-EF24-4EF2-9D72-2C0E863CF66F}
	EndGlobalSection
EndGlobal
